
Microsoft Visual Studio Solution File, Format Version 12.00
# Visual Studio 15
VisualStudioVersion = 15.0.26730.16
MinimumVisualStudioVersion = 10.0.40219.1
Project("{FAE04EC0-301F-11D3-BF4B-00C04F79EFBC}") = "VRS.AdminApp", "VRS.AdminApp\VRS.AdminApp.csproj", "{D6587D50-16D6-4BAF-941C-26478ABDF067}"
EndProject
Global
	GlobalSection(SolutionConfigurationPlatforms) = preSolution
		Debug|ARM = Debug|ARM
		Debug|x64 = Debug|x64
		Debug|x86 = Debug|x86
		Release|ARM = Release|ARM
		Release|x64 = Release|x64
		Release|x86 = Release|x86
	EndGlobalSection
	GlobalSection(ProjectConfigurationPlatforms) = postSolution
		{D6587D50-16D6-4BAF-941C-26478ABDF067}.Debug|ARM.ActiveCfg = Debug|ARM
		{D6587D50-16D6-4BAF-941C-26478ABDF067}.Debug|ARM.Build.0 = Debug|ARM
		{D6587D50-16D6-4BAF-941C-26478ABDF067}.Debug|ARM.Deploy.0 = Debug|ARM
		{D6587D50-16D6-4BAF-941C-26478ABDF067}.Debug|x64.ActiveCfg = Debug|x64
		{D6587D50-16D6-4BAF-941C-26478ABDF067}.Debug|x64.Build.0 = Debug|x64
		{D6587D50-16D6-4BAF-941C-26478ABDF067}.Debug|x64.Deploy.0 = Debug|x64
		{D6587D50-16D6-4BAF-941C-26478ABDF067}.Debug|x86.ActiveCfg = Debug|x86
		{D6587D50-16D6-4BAF-941C-26478ABDF067}.Debug|x86.Build.0 = Debug|x86
		{D6587D50-16D6-4BAF-941C-26478ABDF067}.Debug|x86.Deploy.0 = Debug|x86
		{D6587D50-16D6-4BAF-941C-26478ABDF067}.Release|ARM.ActiveCfg = Release|ARM
		{D6587D50-16D6-4BAF-941C-26478ABDF067}.Release|ARM.Build.0 = Release|ARM
		{D6587D50-16D6-4BAF-941C-26478ABDF067}.Release|ARM.Deploy.0 = Release|ARM
		{D6587D50-16D6-4BAF-941C-26478ABDF067}.Release|x64.ActiveCfg = Release|x64
		{D6587D50-16D6-4BAF-941C-26478ABDF067}.Release|x64.Build.0 = Release|x64
		{D6587D50-16D6-4BAF-941C-26478ABDF067}.Release|x64.Deploy.0 = Release|x64
		{D6587D50-16D6-4BAF-941C-26478ABDF067}.Release|x86.ActiveCfg = Release|x86
		{D6587D50-16D6-4BAF-941C-26478ABDF067}.Release|x86.Build.0 = Release|x86
		{D6587D50-16D6-4BAF-941C-26478ABDF067}.Release|x86.Deploy.0 = Release|x86
	EndGlobalSection
	GlobalSection(SolutionProperties) = preSolution
		HideSolutionNode = FALSE
	EndGlobalSection
	GlobalSection(ExtensibilityGlobals) = postSolution
		SolutionGuid = {9BFC8940-D97D-4332-99DE-F1B8DE00AD4D}
	EndGlobalSection
EndGlobal
